
Microsoft Visual Studio Solution File, Format Version 12.00
# Visual Studio Version 16
VisualStudioVersion = 16.0.30413.136
MinimumVisualStudioVersion = 10.0.40219.1
Project("{9A19103F-16F7-4668-BE54-9A1E7A4F7556}") = "CoreWebAAPI", "CoreWebAAPI\CoreWebAAPI.csproj", "{40709B44-B028-4CD5-B314-579D3EA69250}"
EndProject
Project("{9A19103F-16F7-4668-BE54-9A1E7A4F7556}") = "CoreMVCClient", "CoreMVCClient\CoreMVCClient.csproj", "{D7A9E0ED-D159-44F9-B8C3-1555D9926F04}"
EndProject
Project("{9A19103F-16F7-4668-BE54-9A1E7A4F7556}") = "DataAccessLayer", "DataAccessLayer\DataAccessLayer.csproj", "{7F5D38C1-0A99-4A75-A402-8349A3BF95F5}"
EndProject
Project("{9A19103F-16F7-4668-BE54-9A1E7A4F7556}") = "Logger", "Logger\Logger.csproj", "{36A937D2-B61A-479C-95D0-2BBB69669C61}"
EndProject
Project("{FAE04EC0-301F-11D3-BF4B-00C04F79EFBC}") = "MVCApp", "MVCApp\MVCApp.csproj", "{11049681-30F9-424E-9621-5EB2D19E00C7}"
EndProject
Global
	GlobalSection(SolutionConfigurationPlatforms) = preSolution
		Debug|Any CPU = Debug|Any CPU
		Release|Any CPU = Release|Any CPU
	EndGlobalSection
	GlobalSection(ProjectConfigurationPlatforms) = postSolution
		{40709B44-B028-4CD5-B314-579D3EA69250}.Debug|Any CPU.ActiveCfg = Debug|Any CPU
		{40709B44-B028-4CD5-B314-579D3EA69250}.Debug|Any CPU.Build.0 = Debug|Any CPU
		{40709B44-B028-4CD5-B314-579D3EA69250}.Release|Any CPU.ActiveCfg = Release|Any CPU
		{40709B44-B028-4CD5-B314-579D3EA69250}.Release|Any CPU.Build.0 = Release|Any CPU
		{D7A9E0ED-D159-44F9-B8C3-1555D9926F04}.Debug|Any CPU.ActiveCfg = Debug|Any CPU
		{D7A9E0ED-D159-44F9-B8C3-1555D9926F04}.Debug|Any CPU.Build.0 = Debug|Any CPU
		{D7A9E0ED-D159-44F9-B8C3-1555D9926F04}.Release|Any CPU.ActiveCfg = Release|Any CPU
		{D7A9E0ED-D159-44F9-B8C3-1555D9926F04}.Release|Any CPU.Build.0 = Release|Any CPU
		{7F5D38C1-0A99-4A75-A402-8349A3BF95F5}.Debug|Any CPU.ActiveCfg = Debug|Any CPU
		{7F5D38C1-0A99-4A75-A402-8349A3BF95F5}.Debug|Any CPU.Build.0 = Debug|Any CPU
		{7F5D38C1-0A99-4A75-A402-8349A3BF95F5}.Release|Any CPU.ActiveCfg = Release|Any CPU
		{7F5D38C1-0A99-4A75-A402-8349A3BF95F5}.Release|Any CPU.Build.0 = Release|Any CPU
		{36A937D2-B61A-479C-95D0-2BBB69669C61}.Debug|Any CPU.ActiveCfg = Debug|Any CPU
		{36A937D2-B61A-479C-95D0-2BBB69669C61}.Debug|Any CPU.Build.0 = Debug|Any CPU
		{36A937D2-B61A-479C-95D0-2BBB69669C61}.Release|Any CPU.ActiveCfg = Release|Any CPU
		{36A937D2-B61A-479C-95D0-2BBB69669C61}.Release|Any CPU.Build.0 = Release|Any CPU
		{11049681-30F9-424E-9621-5EB2D19E00C7}.Debug|Any CPU.ActiveCfg = Debug|Any CPU
		{11049681-30F9-424E-9621-5EB2D19E00C7}.Debug|Any CPU.Build.0 = Debug|Any CPU
		{11049681-30F9-424E-9621-5EB2D19E00C7}.Release|Any CPU.ActiveCfg = Release|Any CPU
		{11049681-30F9-424E-9621-5EB2D19E00C7}.Release|Any CPU.Build.0 = Release|Any CPU
	EndGlobalSection
	GlobalSection(SolutionProperties) = preSolution
		HideSolutionNode = FALSE
	EndGlobalSection
	GlobalSection(ExtensibilityGlobals) = postSolution
		SolutionGuid = {700823A7-39C5-4A61-B772-E93F6A25C0C1}
	EndGlobalSection
EndGlobal
